
Microsoft Visual Studio Solution File, Format Version 12.00
# Visual Studio Version 17
VisualStudioVersion = 17.5.002.0
MinimumVisualStudioVersion = 10.0.40219.1
Project("{9A19103F-16F7-4668-BE54-9A1E7A4F7556}") = "client-tests", "tests\client-tests.csproj", "{2835F9F2-32F5-41A3-BE87-E483F6AA6047}"
EndProject
Project("{9A19103F-16F7-4668-BE54-9A1E7A4F7556}") = "rest-client", "src\rest-client.csproj", "{210539F2-42CE-470F-8BBE-31F0AAD12DDF}"
EndProject
Global
	GlobalSection(SolutionConfigurationPlatforms) = preSolution
		Debug|Any CPU = Debug|Any CPU
		Release|Any CPU = Release|Any CPU
	EndGlobalSection
	GlobalSection(ProjectConfigurationPlatforms) = postSolution
		{2835F9F2-32F5-41A3-BE87-E483F6AA6047}.Debug|Any CPU.ActiveCfg = Debug|Any CPU
		{2835F9F2-32F5-41A3-BE87-E483F6AA6047}.Debug|Any CPU.Build.0 = Debug|Any CPU
		{2835F9F2-32F5-41A3-BE87-E483F6AA6047}.Release|Any CPU.ActiveCfg = Release|Any CPU
		{2835F9F2-32F5-41A3-BE87-E483F6AA6047}.Release|Any CPU.Build.0 = Release|Any CPU
		{210539F2-42CE-470F-8BBE-31F0AAD12DDF}.Debug|Any CPU.ActiveCfg = Debug|Any CPU
		{210539F2-42CE-470F-8BBE-31F0AAD12DDF}.Debug|Any CPU.Build.0 = Debug|Any CPU
		{210539F2-42CE-470F-8BBE-31F0AAD12DDF}.Release|Any CPU.ActiveCfg = Release|Any CPU
		{210539F2-42CE-470F-8BBE-31F0AAD12DDF}.Release|Any CPU.Build.0 = Release|Any CPU
	EndGlobalSection
	GlobalSection(SolutionProperties) = preSolution
		HideSolutionNode = FALSE
	EndGlobalSection
	GlobalSection(ExtensibilityGlobals) = postSolution
		SolutionGuid = {3E3D69DC-19EC-4CB9-8CA2-1BE84C844285}
	EndGlobalSection
EndGlobal
